
Microsoft Visual Studio Solution File, Format Version 12.00
# Visual Studio Version 17
VisualStudioVersion = 17.2.32630.192
MinimumVisualStudioVersion = 10.0.40219.1
Project("{FAE04EC0-301F-11D3-BF4B-00C04F79EFBC}") = "FirstWebAPI", "FirstWebAPI\FirstWebAPI.csproj", "{D385D5B3-9AFF-4267-882A-069FD99A315C}"
EndProject
Global
	GlobalSection(SolutionConfigurationPlatforms) = preSolution
		Debug|Any CPU = Debug|Any CPU
		Release|Any CPU = Release|Any CPU
	EndGlobalSection
	GlobalSection(ProjectConfigurationPlatforms) = postSolution
		{D385D5B3-9AFF-4267-882A-069FD99A315C}.Debug|Any CPU.ActiveCfg = Debug|Any CPU
		{D385D5B3-9AFF-4267-882A-069FD99A315C}.Debug|Any CPU.Build.0 = Debug|Any CPU
		{D385D5B3-9AFF-4267-882A-069FD99A315C}.Release|Any CPU.ActiveCfg = Release|Any CPU
		{D385D5B3-9AFF-4267-882A-069FD99A315C}.Release|Any CPU.Build.0 = Release|Any CPU
	EndGlobalSection
	GlobalSection(SolutionProperties) = preSolution
		HideSolutionNode = FALSE
	EndGlobalSection
	GlobalSection(ExtensibilityGlobals) = postSolution
		SolutionGuid = {01580765-9477-4CEB-8673-9CA771C5300B}
	EndGlobalSection
EndGlobal
